
Microsoft Visual Studio Solution File, Format Version 12.00
# Visual Studio Version 16
VisualStudioVersion = 16.0.33529.622
MinimumVisualStudioVersion = 10.0.40219.1
Project("{FAE04EC0-301F-11D3-BF4B-00C04F79EFBC}") = "WindowsFormsApp1", "WindowsFormsApp1.csproj", "{7A9B2E29-30BB-4BF7-89A0-01C44BBF92D7}"
EndProject
Global
	GlobalSection(SolutionConfigurationPlatforms) = preSolution
		Debug|Any CPU = Debug|Any CPU
		Release|Any CPU = Release|Any CPU
	EndGlobalSection
	GlobalSection(ProjectConfigurationPlatforms) = postSolution
		{7A9B2E29-30BB-4BF7-89A0-01C44BBF92D7}.Debug|Any CPU.ActiveCfg = Debug|Any CPU
		{7A9B2E29-30BB-4BF7-89A0-01C44BBF92D7}.Debug|Any CPU.Build.0 = Debug|Any CPU
		{7A9B2E29-30BB-4BF7-89A0-01C44BBF92D7}.Release|Any CPU.ActiveCfg = Release|Any CPU
		{7A9B2E29-30BB-4BF7-89A0-01C44BBF92D7}.Release|Any CPU.Build.0 = Release|Any CPU
	EndGlobalSection
	GlobalSection(SolutionProperties) = preSolution
		HideSolutionNode = FALSE
	EndGlobalSection
	GlobalSection(ExtensibilityGlobals) = postSolution
		SolutionGuid = {0BAA4B0A-64BE-4C39-9DE2-5102DF6D3D28}
	EndGlobalSection
EndGlobal
